// !$*UTF8*$!
{
	archiveVersion = 1;
	classes = {
	};
	objectVersion = 46;
	objects = {

/* Begin PBXBuildFile section */
		58C6190B1DAF62CB00F0749E /* AppDelegate.swift in Sources */ = {isa = PBXBuildFile; fileRef = 58C6190A1DAF62CB00F0749E /* AppDelegate.swift */; };
		58C619101DAF62CC00F0749E /* Main.storyboard in Resources */ = {isa = PBXBuildFile; fileRef = 58C6190E1DAF62CC00F0749E /* Main.storyboard */; };
		58C619121DAF62CC00F0749E /* Assets.xcassets in Resources */ = {isa = PBXBuildFile; fileRef = 58C619111DAF62CC00F0749E /* Assets.xcassets */; };
		58C619151DAF62CC00F0749E /* LaunchScreen.storyboard in Resources */ = {isa = PBXBuildFile; fileRef = 58C619131DAF62CC00F0749E /* LaunchScreen.storyboard */; };
		58C619201DAF62CC00F0749E /* DSTV_ChatTests.swift in Sources */ = {isa = PBXBuildFile; fileRef = 58C6191F1DAF62CC00F0749E /* DSTV_ChatTests.swift */; };
		58C6192C1DAF9BAA00F0749E /* LoginViewController.swift in Sources */ = {isa = PBXBuildFile; fileRef = 58C6192B1DAF9BAA00F0749E /* LoginViewController.swift */; };
		58C619301DAF9BE700F0749E /* FriendDetailViewController.swift in Sources */ = {isa = PBXBuildFile; fileRef = 58C6192F1DAF9BE700F0749E /* FriendDetailViewController.swift */; };
		58C619331DAF9F9700F0749E /* LoginSeque.swift in Sources */ = {isa = PBXBuildFile; fileRef = 58C619321DAF9F9700F0749E /* LoginSeque.swift */; };
		58C619351DAFB02400F0749E /* FriendDetailSeque.swift in Sources */ = {isa = PBXBuildFile; fileRef = 58C619341DAFB02400F0749E /* FriendDetailSeque.swift */; };
		58C619381DAFBDFC00F0749E /* Networking.swift in Sources */ = {isa = PBXBuildFile; fileRef = 58C619371DAFBDFC00F0749E /* Networking.swift */; };
		58C619761DAFC6E200F0749E /* AFError.swift in Sources */ = {isa = PBXBuildFile; fileRef = 58C619641DAFC6E200F0749E /* AFError.swift */; };
		58C619771DAFC6E200F0749E /* Alamofire.swift in Sources */ = {isa = PBXBuildFile; fileRef = 58C619661DAFC6E200F0749E /* Alamofire.swift */; };
		58C619781DAFC6E200F0749E /* DispatchQueue+Alamofire.swift in Sources */ = {isa = PBXBuildFile; fileRef = 58C619671DAFC6E200F0749E /* DispatchQueue+Alamofire.swift */; };
		58C619791DAFC6E200F0749E /* MultipartFormData.swift in Sources */ = {isa = PBXBuildFile; fileRef = 58C619681DAFC6E200F0749E /* MultipartFormData.swift */; };
		58C6197A1DAFC6E200F0749E /* NetworkReachabilityManager.swift in Sources */ = {isa = PBXBuildFile; fileRef = 58C619691DAFC6E200F0749E /* NetworkReachabilityManager.swift */; };
		58C6197B1DAFC6E200F0749E /* Notifications.swift in Sources */ = {isa = PBXBuildFile; fileRef = 58C6196A1DAFC6E200F0749E /* Notifications.swift */; };
		58C6197C1DAFC6E200F0749E /* ParameterEncoding.swift in Sources */ = {isa = PBXBuildFile; fileRef = 58C6196B1DAFC6E200F0749E /* ParameterEncoding.swift */; };
		58C6197D1DAFC6E200F0749E /* Request.swift in Sources */ = {isa = PBXBuildFile; fileRef = 58C6196C1DAFC6E200F0749E /* Request.swift */; };
		58C6197E1DAFC6E200F0749E /* Response.swift in Sources */ = {isa = PBXBuildFile; fileRef = 58C6196D1DAFC6E200F0749E /* Response.swift */; };
		58C6197F1DAFC6E200F0749E /* ResponseSerialization.swift in Sources */ = {isa = PBXBuildFile; fileRef = 58C6196E1DAFC6E200F0749E /* ResponseSerialization.swift */; };
		58C619801DAFC6E200F0749E /* Result.swift in Sources */ = {isa = PBXBuildFile; fileRef = 58C6196F1DAFC6E200F0749E /* Result.swift */; };
		58C619811DAFC6E200F0749E /* ServerTrustPolicy.swift in Sources */ = {isa = PBXBuildFile; fileRef = 58C619701DAFC6E200F0749E /* ServerTrustPolicy.swift */; };
		58C619821DAFC6E200F0749E /* SessionDelegate.swift in Sources */ = {isa = PBXBuildFile; fileRef = 58C619711DAFC6E200F0749E /* SessionDelegate.swift */; };
		58C619831DAFC6E200F0749E /* SessionManager.swift in Sources */ = {isa = PBXBuildFile; fileRef = 58C619721DAFC6E200F0749E /* SessionManager.swift */; };
		58C619841DAFC6E200F0749E /* TaskDelegate.swift in Sources */ = {isa = PBXBuildFile; fileRef = 58C619731DAFC6E200F0749E /* TaskDelegate.swift */; };
		58C619851DAFC6E200F0749E /* Timeline.swift in Sources */ = {isa = PBXBuildFile; fileRef = 58C619741DAFC6E200F0749E /* Timeline.swift */; };
		58C619861DAFC6E200F0749E /* Validation.swift in Sources */ = {isa = PBXBuildFile; fileRef = 58C619751DAFC6E200F0749E /* Validation.swift */; };
		58C619891DAFD6F300F0749E /* UserLoginResult.swift in Sources */ = {isa = PBXBuildFile; fileRef = 58C619881DAFD6F300F0749E /* UserLoginResult.swift */; };
		58C6198B1DB010D800F0749E /* FriendsTableViewController.swift in Sources */ = {isa = PBXBuildFile; fileRef = 58C6198A1DB010D800F0749E /* FriendsTableViewController.swift */; };
		58C6198D1DB0127900F0749E /* FriendResult.swift in Sources */ = {isa = PBXBuildFile; fileRef = 58C6198C1DB0127900F0749E /* FriendResult.swift */; };
		58C6198F1DB0B5B900F0749E /* FriendTableViewCell.swift in Sources */ = {isa = PBXBuildFile; fileRef = 58C6198E1DB0B5B900F0749E /* FriendTableViewCell.swift */; };
		58C619911DB0CE3400F0749E /* MainNavViewController.swift in Sources */ = {isa = PBXBuildFile; fileRef = 58C619901DB0CE3400F0749E /* MainNavViewController.swift */; };
/* End PBXBuildFile section */

/* Begin PBXContainerItemProxy section */
		58C6191C1DAF62CC00F0749E /* PBXContainerItemProxy */ = {
			isa = PBXContainerItemProxy;
			containerPortal = 58C618FF1DAF62CB00F0749E /* Project object */;
			proxyType = 1;
			remoteGlobalIDString = 58C619061DAF62CB00F0749E;
			remoteInfo = "DSTV Chat";
		};
/* End PBXContainerItemProxy section */

/* Begin PBXFileReference section */
		58C619071DAF62CB00F0749E /* DSTV Chat.app */ = {isa = PBXFileReference; explicitFileType = wrapper.application; includeInIndex = 0; path = "DSTV Chat.app"; sourceTree = BUILT_PRODUCTS_DIR; };
		58C6190A1DAF62CB00F0749E /* AppDelegate.swift */ = {isa = PBXFileReference; lastKnownFileType = sourcecode.swift; path = AppDelegate.swift; sourceTree = "<group>"; };
		58C6190F1DAF62CC00F0749E /* Base */ = {isa = PBXFileReference; lastKnownFileType = file.storyboard; name = Base; path = Base.lproj/Main.storyboard; sourceTree = "<group>"; };
		58C619111DAF62CC00F0749E /* Assets.xcassets */ = {isa = PBXFileReference; lastKnownFileType = folder.assetcatalog; path = Assets.xcassets; sourceTree = "<group>"; };
		58C619141DAF62CC00F0749E /* Base */ = {isa = PBXFileReference; lastKnownFileType = file.storyboard; name = Base; path = Base.lproj/LaunchScreen.storyboard; sourceTree = "<group>"; };
		58C619161DAF62CC00F0749E /* Info.plist */ = {isa = PBXFileReference; lastKnownFileType = text.plist.xml; path = Info.plist; sourceTree = "<group>"; };
		58C6191B1DAF62CC00F0749E /* DSTV ChatTests.xctest */ = {isa = PBXFileReference; explicitFileType = wrapper.cfbundle; includeInIndex = 0; path = "DSTV ChatTests.xctest"; sourceTree = BUILT_PRODUCTS_DIR; };
		58C6191F1DAF62CC00F0749E /* DSTV_ChatTests.swift */ = {isa = PBXFileReference; lastKnownFileType = sourcecode.swift; path = DSTV_ChatTests.swift; sourceTree = "<group>"; };
		58C619211DAF62CC00F0749E /* Info.plist */ = {isa = PBXFileReference; lastKnownFileType = text.plist.xml; path = Info.plist; sourceTree = "<group>"; };
		58C6192B1DAF9BAA00F0749E /* LoginViewController.swift */ = {isa = PBXFileReference; fileEncoding = 4; lastKnownFileType = sourcecode.swift; path = LoginViewController.swift; sourceTree = "<group>"; };
		58C6192F1DAF9BE700F0749E /* FriendDetailViewController.swift */ = {isa = PBXFileReference; fileEncoding = 4; lastKnownFileType = sourcecode.swift; path = FriendDetailViewController.swift; sourceTree = "<group>"; };
		58C619321DAF9F9700F0749E /* LoginSeque.swift */ = {isa = PBXFileReference; fileEncoding = 4; lastKnownFileType = sourcecode.swift; name = LoginSeque.swift; path = "DSTV Chat/ViewControllers/CustomSegues/LoginSeque.swift"; sourceTree = SOURCE_ROOT; };
		58C619341DAFB02400F0749E /* FriendDetailSeque.swift */ = {isa = PBXFileReference; fileEncoding = 4; lastKnownFileType = sourcecode.swift; name = FriendDetailSeque.swift; path = "DSTV Chat/ViewControllers/CustomSegues/FriendDetailSeque.swift"; sourceTree = SOURCE_ROOT; };
		58C619371DAFBDFC00F0749E /* Networking.swift */ = {isa = PBXFileReference; fileEncoding = 4; lastKnownFileType = sourcecode.swift; path = Networking.swift; sourceTree = "<group>"; };
		58C619641DAFC6E200F0749E /* AFError.swift */ = {isa = PBXFileReference; fileEncoding = 4; lastKnownFileType = sourcecode.swift; path = AFError.swift; sourceTree = "<group>"; };
		58C619651DAFC6E200F0749E /* Alamofire.h */ = {isa = PBXFileReference; fileEncoding = 4; lastKnownFileType = sourcecode.c.h; path = Alamofire.h; sourceTree = "<group>"; };
		58C619661DAFC6E200F0749E /* Alamofire.swift */ = {isa = PBXFileReference; fileEncoding = 4; lastKnownFileType = sourcecode.swift; path = Alamofire.swift; sourceTree = "<group>"; };
		58C619671DAFC6E200F0749E /* DispatchQueue+Alamofire.swift */ = {isa = PBXFileReference; fileEncoding = 4; lastKnownFileType = sourcecode.swift; path = "DispatchQueue+Alamofire.swift"; sourceTree = "<group>"; };
		58C619681DAFC6E200F0749E /* MultipartFormData.swift */ = {isa = PBXFileReference; fileEncoding = 4; lastKnownFileType = sourcecode.swift; path = MultipartFormData.swift; sourceTree = "<group>"; };
		58C619691DAFC6E200F0749E /* NetworkReachabilityManager.swift */ = {isa = PBXFileReference; fileEncoding = 4; lastKnownFileType = sourcecode.swift; path = NetworkReachabilityManager.swift; sourceTree = "<group>"; };
		58C6196A1DAFC6E200F0749E /* Notifications.swift */ = {isa = PBXFileReference; fileEncoding = 4; lastKnownFileType = sourcecode.swift; path = Notifications.swift; sourceTree = "<group>"; };
		58C6196B1DAFC6E200F0749E /* ParameterEncoding.swift */ = {isa = PBXFileReference; fileEncoding = 4; lastKnownFileType = sourcecode.swift; path = ParameterEncoding.swift; sourceTree = "<group>"; };
		58C6196C1DAFC6E200F0749E /* Request.swift */ = {isa = PBXFileReference; fileEncoding = 4; lastKnownFileType = sourcecode.swift; path = Request.swift; sourceTree = "<group>"; };
		58C6196D1DAFC6E200F0749E /* Response.swift */ = {isa = PBXFileReference; fileEncoding = 4; lastKnownFileType = sourcecode.swift; path = Response.swift; sourceTree = "<group>"; };
		58C6196E1DAFC6E200F0749E /* ResponseSerialization.swift */ = {isa = PBXFileReference; fileEncoding = 4; lastKnownFileType = sourcecode.swift; path = ResponseSerialization.swift; sourceTree = "<group>"; };
		58C6196F1DAFC6E200F0749E /* Result.swift */ = {isa = PBXFileReference; fileEncoding = 4; lastKnownFileType = sourcecode.swift; path = Result.swift; sourceTree = "<group>"; };
		58C619701DAFC6E200F0749E /* ServerTrustPolicy.swift */ = {isa = PBXFileReference; fileEncoding = 4; lastKnownFileType = sourcecode.swift; path = ServerTrustPolicy.swift; sourceTree = "<group>"; };
		58C619711DAFC6E200F0749E /* SessionDelegate.swift */ = {isa = PBXFileReference; fileEncoding = 4; lastKnownFileType = sourcecode.swift; path = SessionDelegate.swift; sourceTree = "<group>"; };
		58C619721DAFC6E200F0749E /* SessionManager.swift */ = {isa = PBXFileReference; fileEncoding = 4; lastKnownFileType = sourcecode.swift; path = SessionManager.swift; sourceTree = "<group>"; };
		58C619731DAFC6E200F0749E /* TaskDelegate.swift */ = {isa = PBXFileReference; fileEncoding = 4; lastKnownFileType = sourcecode.swift; path = TaskDelegate.swift; sourceTree = "<group>"; };
		58C619741DAFC6E200F0749E /* Timeline.swift */ = {isa = PBXFileReference; fileEncoding = 4; lastKnownFileType = sourcecode.swift; path = Timeline.swift; sourceTree = "<group>"; };
		58C619751DAFC6E200F0749E /* Validation.swift */ = {isa = PBXFileReference; fileEncoding = 4; lastKnownFileType = sourcecode.swift; path = Validation.swift; sourceTree = "<group>"; };
		58C619881DAFD6F300F0749E /* UserLoginResult.swift */ = {isa = PBXFileReference; fileEncoding = 4; lastKnownFileType = sourcecode.swift; path = UserLoginResult.swift; sourceTree = "<group>"; };
		58C6198A1DB010D800F0749E /* FriendsTableViewController.swift */ = {isa = PBXFileReference; fileEncoding = 4; lastKnownFileType = sourcecode.swift; path = FriendsTableViewController.swift; sourceTree = "<group>"; };
		58C6198C1DB0127900F0749E /* FriendResult.swift */ = {isa = PBXFileReference; fileEncoding = 4; lastKnownFileType = sourcecode.swift; path = FriendResult.swift; sourceTree = "<group>"; };
		58C6198E1DB0B5B900F0749E /* FriendTableViewCell.swift */ = {isa = PBXFileReference; fileEncoding = 4; lastKnownFileType = sourcecode.swift; path = FriendTableViewCell.swift; sourceTree = "<group>"; };
		58C619901DB0CE3400F0749E /* MainNavViewController.swift */ = {isa = PBXFileReference; fileEncoding = 4; lastKnownFileType = sourcecode.swift; path = MainNavViewController.swift; sourceTree = "<group>"; };
/* End PBXFileReference section */

/* Begin PBXFrameworksBuildPhase section */
		58C619041DAF62CB00F0749E /* Frameworks */ = {
			isa = PBXFrameworksBuildPhase;
			buildActionMask = 2147483647;
			files = (
			);
			runOnlyForDeploymentPostprocessing = 0;
		};
		58C619181DAF62CC00F0749E /* Frameworks */ = {
			isa = PBXFrameworksBuildPhase;
			buildActionMask = 2147483647;
			files = (
			);
			runOnlyForDeploymentPostprocessing = 0;
		};
/* End PBXFrameworksBuildPhase section */

/* Begin PBXGroup section */
		58C618FE1DAF62CB00F0749E = {
			isa = PBXGroup;
			children = (
				58C619091DAF62CB00F0749E /* DSTV Chat */,
				58C6191E1DAF62CC00F0749E /* DSTV ChatTests */,
				58C619081DAF62CB00F0749E /* Products */,
			);
			sourceTree = "<group>";
		};
		58C619081DAF62CB00F0749E /* Products */ = {
			isa = PBXGroup;
			children = (
				58C619071DAF62CB00F0749E /* DSTV Chat.app */,
				58C6191B1DAF62CC00F0749E /* DSTV ChatTests.xctest */,
			);
			name = Products;
			sourceTree = "<group>";
		};
		58C619091DAF62CB00F0749E /* DSTV Chat */ = {
			isa = PBXGroup;
			children = (
				58C619871DAFD6D000F0749E /* Data */,
				58C619361DAFBCB300F0749E /* Networking */,
				58C6192A1DAF9B2E00F0749E /* ViewControllers */,
				58C6190A1DAF62CB00F0749E /* AppDelegate.swift */,
				58C6190E1DAF62CC00F0749E /* Main.storyboard */,
				58C619111DAF62CC00F0749E /* Assets.xcassets */,
				58C619131DAF62CC00F0749E /* LaunchScreen.storyboard */,
				58C619161DAF62CC00F0749E /* Info.plist */,
			);
			path = "DSTV Chat";
			sourceTree = "<group>";
		};
		58C6191E1DAF62CC00F0749E /* DSTV ChatTests */ = {
			isa = PBXGroup;
			children = (
				58C6191F1DAF62CC00F0749E /* DSTV_ChatTests.swift */,
				58C619211DAF62CC00F0749E /* Info.plist */,
			);
			path = "DSTV ChatTests";
			sourceTree = "<group>";
		};
		58C6192A1DAF9B2E00F0749E /* ViewControllers */ = {
			isa = PBXGroup;
			children = (
				58C619311DAF9F2900F0749E /* CustomSeques */,
				58C6192B1DAF9BAA00F0749E /* LoginViewController.swift */,
				58C6192F1DAF9BE700F0749E /* FriendDetailViewController.swift */,
				58C6198A1DB010D800F0749E /* FriendsTableViewController.swift */,
				58C6198E1DB0B5B900F0749E /* FriendTableViewCell.swift */,
				58C619901DB0CE3400F0749E /* MainNavViewController.swift */,
			);
			path = ViewControllers;
			sourceTree = "<group>";
		};
		58C619311DAF9F2900F0749E /* CustomSeques */ = {
			isa = PBXGroup;
			children = (
				58C619321DAF9F9700F0749E /* LoginSeque.swift */,
				58C619341DAFB02400F0749E /* FriendDetailSeque.swift */,
			);
			name = CustomSeques;
			path = CustonSegues;
			sourceTree = "<group>";
		};
		58C619361DAFBCB300F0749E /* Networking */ = {
			isa = PBXGroup;
			children = (
				58C619641DAFC6E200F0749E /* AFError.swift */,
				58C619651DAFC6E200F0749E /* Alamofire.h */,
				58C619661DAFC6E200F0749E /* Alamofire.swift */,
				58C619671DAFC6E200F0749E /* DispatchQueue+Alamofire.swift */,
				58C619681DAFC6E200F0749E /* MultipartFormData.swift */,
				58C619691DAFC6E200F0749E /* NetworkReachabilityManager.swift */,
				58C6196A1DAFC6E200F0749E /* Notifications.swift */,
				58C6196B1DAFC6E200F0749E /* ParameterEncoding.swift */,
				58C6196C1DAFC6E200F0749E /* Request.swift */,
				58C6196D1DAFC6E200F0749E /* Response.swift */,
				58C6196E1DAFC6E200F0749E /* ResponseSerialization.swift */,
				58C6196F1DAFC6E200F0749E /* Result.swift */,
				58C619701DAFC6E200F0749E /* ServerTrustPolicy.swift */,
				58C619711DAFC6E200F0749E /* SessionDelegate.swift */,
				58C619721DAFC6E200F0749E /* SessionManager.swift */,
				58C619731DAFC6E200F0749E /* TaskDelegate.swift */,
				58C619741DAFC6E200F0749E /* Timeline.swift */,
				58C619751DAFC6E200F0749E /* Validation.swift */,
				58C619371DAFBDFC00F0749E /* Networking.swift */,
			);
			path = Networking;
			sourceTree = "<group>";
		};
		58C619871DAFD6D000F0749E /* Data */ = {
			isa = PBXGroup;
			children = (
				58C619881DAFD6F300F0749E /* UserLoginResult.swift */,
				58C6198C1DB0127900F0749E /* FriendResult.swift */,
			);
			path = Data;
			sourceTree = "<group>";
		};
/* End PBXGroup section */

/* Begin PBXNativeTarget section */
		58C619061DAF62CB00F0749E /* DSTV Chat */ = {
			isa = PBXNativeTarget;
			buildConfigurationList = 58C619241DAF62CC00F0749E /* Build configuration list for PBXNativeTarget "DSTV Chat" */;
			buildPhases = (
				58C619031DAF62CB00F0749E /* Sources */,
				58C619041DAF62CB00F0749E /* Frameworks */,
				58C619051DAF62CB00F0749E /* Resources */,
			);
			buildRules = (
			);
			dependencies = (
			);
			name = "DSTV Chat";
			productName = "DSTV Chat";
			productReference = 58C619071DAF62CB00F0749E /* DSTV Chat.app */;
			productType = "com.apple.product-type.application";
		};
		58C6191A1DAF62CC00F0749E /* DSTV ChatTests */ = {
			isa = PBXNativeTarget;
			buildConfigurationList = 58C619271DAF62CC00F0749E /* Build configuration list for PBXNativeTarget "DSTV ChatTests" */;
			buildPhases = (
				58C619171DAF62CC00F0749E /* Sources */,
				58C619181DAF62CC00F0749E /* Frameworks */,
				58C619191DAF62CC00F0749E /* Resources */,
			);
			buildRules = (
			);
			dependencies = (
				58C6191D1DAF62CC00F0749E /* PBXTargetDependency */,
			);
			name = "DSTV ChatTests";
			productName = "DSTV ChatTests";
			productReference = 58C6191B1DAF62CC00F0749E /* DSTV ChatTests.xctest */;
			productType = "com.apple.product-type.bundle.unit-test";
		};
/* End PBXNativeTarget section */

/* Begin PBXProject section */
		58C618FF1DAF62CB00F0749E /* Project object */ = {
			isa = PBXProject;
			attributes = {
				LastSwiftUpdateCheck = 0800;
				LastUpgradeCheck = 0920;
				ORGANIZATIONNAME = BonsaiSoft;
				TargetAttributes = {
					58C619061DAF62CB00F0749E = {
						CreatedOnToolsVersion = 8.0;
						LastSwiftMigration = 0920;
						ProvisioningStyle = Automatic;
					};
					58C6191A1DAF62CC00F0749E = {
						CreatedOnToolsVersion = 8.0;
						LastSwiftMigration = 0920;
						ProvisioningStyle = Automatic;
						TestTargetID = 58C619061DAF62CB00F0749E;
					};
				};
			};
			buildConfigurationList = 58C619021DAF62CB00F0749E /* Build configuration list for PBXProject "DSTV Chat" */;
			compatibilityVersion = "Xcode 3.2";
			developmentRegion = English;
			hasScannedForEncodings = 0;
			knownRegions = (
				en,
				Base,
			);
			mainGroup = 58C618FE1DAF62CB00F0749E;
			productRefGroup = 58C619081DAF62CB00F0749E /* Products */;
			projectDirPath = "";
			projectRoot = "";
			targets = (
				58C619061DAF62CB00F0749E /* DSTV Chat */,
				58C6191A1DAF62CC00F0749E /* DSTV ChatTests */,
			);
		};
/* End PBXProject section */

/* Begin PBXResourcesBuildPhase section */
		58C619051DAF62CB00F0749E /* Resources */ = {
			isa = PBXResourcesBuildPhase;
			buildActionMask = 2147483647;
			files = (
				58C619151DAF62CC00F0749E /* LaunchScreen.storyboard in Resources */,
				58C619121DAF62CC00F0749E /* Assets.xcassets in Resources */,
				58C619101DAF62CC00F0749E /* Main.storyboard in Resources */,
			);
			runOnlyForDeploymentPostprocessing = 0;
		};
		58C619191DAF62CC00F0749E /* Resources */ = {
			isa = PBXResourcesBuildPhase;
			buildActionMask = 2147483647;
			files = (
			);
			runOnlyForDeploymentPostprocessing = 0;
		};
/* End PBXResourcesBuildPhase section */

/* Begin PBXSourcesBuildPhase section */
		58C619031DAF62CB00F0749E /* Sources */ = {
			isa = PBXSourcesBuildPhase;
			buildActionMask = 2147483647;
			files = (
				58C619801DAFC6E200F0749E /* Result.swift in Sources */,
				58C6197C1DAFC6E200F0749E /* ParameterEncoding.swift in Sources */,
				58C6198B1DB010D800F0749E /* FriendsTableViewController.swift in Sources */,
				58C6198D1DB0127900F0749E /* FriendResult.swift in Sources */,
				58C619331DAF9F9700F0749E /* LoginSeque.swift in Sources */,
				58C619811DAFC6E200F0749E /* ServerTrustPolicy.swift in Sources */,
				58C619761DAFC6E200F0749E /* AFError.swift in Sources */,
				58C619781DAFC6E200F0749E /* DispatchQueue+Alamofire.swift in Sources */,
				58C6192C1DAF9BAA00F0749E /* LoginViewController.swift in Sources */,
				58C6190B1DAF62CB00F0749E /* AppDelegate.swift in Sources */,
				58C6197B1DAFC6E200F0749E /* Notifications.swift in Sources */,
				58C6197D1DAFC6E200F0749E /* Request.swift in Sources */,
				58C6197E1DAFC6E200F0749E /* Response.swift in Sources */,
				58C619851DAFC6E200F0749E /* Timeline.swift in Sources */,
				58C619821DAFC6E200F0749E /* SessionDelegate.swift in Sources */,
				58C619911DB0CE3400F0749E /* MainNavViewController.swift in Sources */,
				58C6197F1DAFC6E200F0749E /* ResponseSerialization.swift in Sources */,
				58C619791DAFC6E200F0749E /* MultipartFormData.swift in Sources */,
				58C619301DAF9BE700F0749E /* FriendDetailViewController.swift in Sources */,
				58C6198F1DB0B5B900F0749E /* FriendTableViewCell.swift in Sources */,
				58C619351DAFB02400F0749E /* FriendDetailSeque.swift in Sources */,
				58C619771DAFC6E200F0749E /* Alamofire.swift in Sources */,
				58C6197A1DAFC6E200F0749E /* NetworkReachabilityManager.swift in Sources */,
				58C619841DAFC6E200F0749E /* TaskDelegate.swift in Sources */,
				58C619381DAFBDFC00F0749E /* Networking.swift in Sources */,
				58C619861DAFC6E200F0749E /* Validation.swift in Sources */,
				58C619891DAFD6F300F0749E /* UserLoginResult.swift in Sources */,
				58C619831DAFC6E200F0749E /* SessionManager.swift in Sources */,
			);
			runOnlyForDeploymentPostprocessing = 0;
		};
		58C619171DAF62CC00F0749E /* Sources */ = {
			isa = PBXSourcesBuildPhase;
			buildActionMask = 2147483647;
			files = (
				58C619201DAF62CC00F0749E /* DSTV_ChatTests.swift in Sources */,
			);
			runOnlyForDeploymentPostprocessing = 0;
		};
/* End PBXSourcesBuildPhase section */

/* Begin PBXTargetDependency section */
		58C6191D1DAF62CC00F0749E /* PBXTargetDependency */ = {
			isa = PBXTargetDependency;
			target = 58C619061DAF62CB00F0749E /* DSTV Chat */;
			targetProxy = 58C6191C1DAF62CC00F0749E /* PBXContainerItemProxy */;
		};
/* End PBXTargetDependency section */

/* Begin PBXVariantGroup section */
		58C6190E1DAF62CC00F0749E /* Main.storyboard */ = {
			isa = PBXVariantGroup;
			children = (
				58C6190F1DAF62CC00F0749E /* Base */,
			);
			name = Main.storyboard;
			sourceTree = "<group>";
		};
		58C619131DAF62CC00F0749E /* LaunchScreen.storyboard */ = {
			isa = PBXVariantGroup;
			children = (
				58C619141DAF62CC00F0749E /* Base */,
			);
			name = LaunchScreen.storyboard;
			sourceTree = "<group>";
		};
/* End PBXVariantGroup section */

/* Begin XCBuildConfiguration section */
		58C619221DAF62CC00F0749E /* Debug */ = {
			isa = XCBuildConfiguration;
			buildSettings = {
				ALWAYS_SEARCH_USER_PATHS = NO;
				CLANG_ANALYZER_NONNULL = YES;
				CLANG_CXX_LANGUAGE_STANDARD = "gnu++0x";
				CLANG_CXX_LIBRARY = "libc++";
				CLANG_ENABLE_MODULES = YES;
				CLANG_ENABLE_OBJC_ARC = YES;
				CLANG_WARN_BLOCK_CAPTURE_AUTORELEASING = YES;
				CLANG_WARN_BOOL_CONVERSION = YES;
				CLANG_WARN_COMMA = YES;
				CLANG_WARN_CONSTANT_CONVERSION = YES;
				CLANG_WARN_DIRECT_OBJC_ISA_USAGE = YES_ERROR;
				CLANG_WARN_DOCUMENTATION_COMMENTS = YES;
				CLANG_WARN_EMPTY_BODY = YES;
				CLANG_WARN_ENUM_CONVERSION = YES;
				CLANG_WARN_INFINITE_RECURSION = YES;
				CLANG_WARN_INT_CONVERSION = YES;
				CLANG_WARN_NON_LITERAL_NULL_CONVERSION = YES;
				CLANG_WARN_OBJC_LITERAL_CONVERSION = YES;
				CLANG_WARN_OBJC_ROOT_CLASS = YES_ERROR;
				CLANG_WARN_RANGE_LOOP_ANALYSIS = YES;
				CLANG_WARN_STRICT_PROTOTYPES = YES;
				CLANG_WARN_SUSPICIOUS_MOVE = YES;
				CLANG_WARN_SUSPICIOUS_MOVES = YES;
				CLANG_WARN_UNREACHABLE_CODE = YES;
				CLANG_WARN__DUPLICATE_METHOD_MATCH = YES;
				"CODE_SIGN_IDENTITY[sdk=iphoneos*]" = "iPhone Developer";
				COPY_PHASE_STRIP = NO;
				DEBUG_INFORMATION_FORMAT = dwarf;
				ENABLE_STRICT_OBJC_MSGSEND = YES;
				ENABLE_TESTABILITY = YES;
				GCC_C_LANGUAGE_STANDARD = gnu99;
				GCC_DYNAMIC_NO_PIC = NO;
				GCC_NO_COMMON_BLOCKS = YES;
				GCC_OPTIMIZATION_LEVEL = 0;
				GCC_PREPROCESSOR_DEFINITIONS = (
					"DEBUG=1",
					"$(inherited)",
				);
				GCC_WARN_64_TO_32_BIT_CONVERSION = YES;
				GCC_WARN_ABOUT_RETURN_TYPE = YES_ERROR;
				GCC_WARN_UNDECLARED_SELECTOR = YES;
				GCC_WARN_UNINITIALIZED_AUTOS = YES_AGGRESSIVE;
				GCC_WARN_UNUSED_FUNCTION = YES;
				GCC_WARN_UNUSED_VARIABLE = YES;
				IPHONEOS_DEPLOYMENT_TARGET = 10.0;
				MTL_ENABLE_DEBUG_INFO = YES;
				ONLY_ACTIVE_ARCH = YES;
				SDKROOT = iphoneos;
				SWIFT_ACTIVE_COMPILATION_CONDITIONS = DEBUG;
				SWIFT_OPTIMIZATION_LEVEL = "-Onone";
			};
			name = Debug;
		};
		58C619231DAF62CC00F0749E /* Release */ = {
			isa = XCBuildConfiguration;
			buildSettings = {
				ALWAYS_SEARCH_USER_PATHS = NO;
				CLANG_ANALYZER_NONNULL = YES;
				CLANG_CXX_LANGUAGE_STANDARD = "gnu++0x";
				CLANG_CXX_LIBRARY = "libc++";
				CLANG_ENABLE_MODULES = YES;
				CLANG_ENABLE_OBJC_ARC = YES;
				CLANG_WARN_BLOCK_CAPTURE_AUTORELEASING = YES;
				CLANG_WARN_BOOL_CONVERSION = YES;
				CLANG_WARN_COMMA = YES;
				CLANG_WARN_CONSTANT_CONVERSION = YES;
				CLANG_WARN_DIRECT_OBJC_ISA_USAGE = YES_ERROR;
				CLANG_WARN_DOCUMENTATION_COMMENTS = YES;
				CLANG_WARN_EMPTY_BODY = YES;
				CLANG_WARN_ENUM_CONVERSION = YES;
				CLANG_WARN_INFINITE_RECURSION = YES;
				CLANG_WARN_INT_CONVERSION = YES;
				CLANG_WARN_NON_LITERAL_NULL_CONVERSION = YES;
				CLANG_WARN_OBJC_LITERAL_CONVERSION = YES;
				CLANG_WARN_OBJC_ROOT_CLASS = YES_ERROR;
				CLANG_WARN_RANGE_LOOP_ANALYSIS = YES;
				CLANG_WARN_STRICT_PROTOTYPES = YES;
				CLANG_WARN_SUSPICIOUS_MOVE = YES;
				CLANG_WARN_SUSPICIOUS_MOVES = YES;
				CLANG_WARN_UNREACHABLE_CODE = YES;
				CLANG_WARN__DUPLICATE_METHOD_MATCH = YES;
				"CODE_SIGN_IDENTITY[sdk=iphoneos*]" = "iPhone Developer";
				COPY_PHASE_STRIP = NO;
				DEBUG_INFORMATION_FORMAT = "dwarf-with-dsym";
				ENABLE_NS_ASSERTIONS = NO;
				ENABLE_STRICT_OBJC_MSGSEND = YES;
				GCC_C_LANGUAGE_STANDARD = gnu99;
				GCC_NO_COMMON_BLOCKS = YES;
				GCC_WARN_64_TO_32_BIT_CONVERSION = YES;
				GCC_WARN_ABOUT_RETURN_TYPE = YES_ERROR;
				GCC_WARN_UNDECLARED_SELECTOR = YES;
				GCC_WARN_UNINITIALIZED_AUTOS = YES_AGGRESSIVE;
				GCC_WARN_UNUSED_FUNCTION = YES;
				GCC_WARN_UNUSED_VARIABLE = YES;
				IPHONEOS_DEPLOYMENT_TARGET = 10.0;
				MTL_ENABLE_DEBUG_INFO = NO;
				SDKROOT = iphoneos;
				SWIFT_OPTIMIZATION_LEVEL = "-Owholemodule";
				VALIDATE_PRODUCT = YES;
			};
			name = Release;
		};
		58C619251DAF62CC00F0749E /* Debug */ = {
			isa = XCBuildConfiguration;
			buildSettings = {
				ASSETCATALOG_COMPILER_APPICON_NAME = AppIcon;
				INFOPLIST_FILE = "DSTV Chat/Info.plist";
				LD_RUNPATH_SEARCH_PATHS = "$(inherited) @executable_path/Frameworks";
				PRODUCT_BUNDLE_IDENTIFIER = "bonsaiSoft.DSTV-Chat";
				PRODUCT_NAME = "$(TARGET_NAME)";
				SWIFT_SWIFT3_OBJC_INFERENCE = On;
				SWIFT_VERSION = 4.0;
			};
			name = Debug;
		};
		58C619261DAF62CC00F0749E /* Release */ = {
			isa = XCBuildConfiguration;
			buildSettings = {
				ASSETCATALOG_COMPILER_APPICON_NAME = AppIcon;
				INFOPLIST_FILE = "DSTV Chat/Info.plist";
				LD_RUNPATH_SEARCH_PATHS = "$(inherited) @executable_path/Frameworks";
				PRODUCT_BUNDLE_IDENTIFIER = "bonsaiSoft.DSTV-Chat";
				PRODUCT_NAME = "$(TARGET_NAME)";
				SWIFT_SWIFT3_OBJC_INFERENCE = On;
				SWIFT_VERSION = 4.0;
			};
			name = Release;
		};
		58C619281DAF62CC00F0749E /* Debug */ = {
			isa = XCBuildConfiguration;
			buildSettings = {
				ALWAYS_EMBED_SWIFT_STANDARD_LIBRARIES = YES;
				BUNDLE_LOADER = "$(TEST_HOST)";
				INFOPLIST_FILE = "DSTV ChatTests/Info.plist";
				LD_RUNPATH_SEARCH_PATHS = "$(inherited) @executable_path/Frameworks @loader_path/Frameworks";
				PRODUCT_BUNDLE_IDENTIFIER = "bonsaiSoft.DSTV-ChatTests";
				PRODUCT_NAME = "$(TARGET_NAME)";
				SWIFT_SWIFT3_OBJC_INFERENCE = On;
				SWIFT_VERSION = 4.0;
				TEST_HOST = "$(BUILT_PRODUCTS_DIR)/DSTV Chat.app/DSTV Chat";
			};
			name = Debug;
		};
		58C619291DAF62CC00F0749E /* Release */ = {
			isa = XCBuildConfiguration;
			buildSettings = {
				ALWAYS_EMBED_SWIFT_STANDARD_LIBRARIES = YES;
				BUNDLE_LOADER = "$(TEST_HOST)";
				INFOPLIST_FILE = "DSTV ChatTests/Info.plist";
				LD_RUNPATH_SEARCH_PATHS = "$(inherited) @executable_path/Frameworks @loader_path/Frameworks";
				PRODUCT_BUNDLE_IDENTIFIER = "bonsaiSoft.DSTV-ChatTests";
				PRODUCT_NAME = "$(TARGET_NAME)";
				SWIFT_SWIFT3_OBJC_INFERENCE = On;
				SWIFT_VERSION = 4.0;
				TEST_HOST = "$(BUILT_PRODUCTS_DIR)/DSTV Chat.app/DSTV Chat";
			};
			name = Release;
		};
/* End XCBuildConfiguration section */

/* Begin XCConfigurationList section */
		58C619021DAF62CB00F0749E /* Build configuration list for PBXProject "DSTV Chat" */ = {
			isa = XCConfigurationList;
			buildConfigurations = (
				58C619221DAF62CC00F0749E /* Debug */,
				58C619231DAF62CC00F0749E /* Release */,
			);
			defaultConfigurationIsVisible = 0;
			defaultConfigurationName = Release;
		};
		58C619241DAF62CC00F0749E /* Build configuration list for PBXNativeTarget "DSTV Chat" */ = {
			isa = XCConfigurationList;
			buildConfigurations = (
				58C619251DAF62CC00F0749E /* Debug */,
				58C619261DAF62CC00F0749E /* Release */,
			);
			defaultConfigurationIsVisible = 0;
			defaultConfigurationName = Release;
		};
		58C619271DAF62CC00F0749E /* Build configuration list for PBXNativeTarget "DSTV ChatTests" */ = {
			isa = XCConfigurationList;
			buildConfigurations = (
				58C619281DAF62CC00F0749E /* Debug */,
				58C619291DAF62CC00F0749E /* Release */,
			);
			defaultConfigurationIsVisible = 0;
			defaultConfigurationName = Release;
		};
/* End XCConfigurationList section */
	};
	rootObject = 58C618FF1DAF62CB00F0749E /* Project object */;
}
