// !$*UTF8*$!
{
	archiveVersion = 1;
	classes = {
	};
	objectVersion = 46;
	objects = {

/* Begin PBXBuildFile section */
		58124280201507EA00C6707E /* MasterRepository.swift in Sources */ = {isa = PBXBuildFile; fileRef = 5812427F201507EA00C6707E /* MasterRepository.swift */; };
		58124282201508F800C6707E /* MasterReposetoryProtocol.swift in Sources */ = {isa = PBXBuildFile; fileRef = 58124281201508F800C6707E /* MasterReposetoryProtocol.swift */; };
		581242842015091300C6707E /* BaseReposetory.swift in Sources */ = {isa = PBXBuildFile; fileRef = 581242832015091300C6707E /* BaseReposetory.swift */; };
		5812428620150F3C00C6707E /* LoginRepository.swift in Sources */ = {isa = PBXBuildFile; fileRef = 5812428520150F3C00C6707E /* LoginRepository.swift */; };
		5812428820150F5600C6707E /* LoginRepositoryProtocol.swift in Sources */ = {isa = PBXBuildFile; fileRef = 5812428720150F5600C6707E /* LoginRepositoryProtocol.swift */; };
		5812428B2015170B00C6707E /* LoginServiceProtocol.swift in Sources */ = {isa = PBXBuildFile; fileRef = 5812428A2015170B00C6707E /* LoginServiceProtocol.swift */; };
		5812428F2015D75600C6707E /* LoginService.swift in Sources */ = {isa = PBXBuildFile; fileRef = 5812428E2015D75600C6707E /* LoginService.swift */; };
		581C394A2011E3660035D5D4 /* Alamofire.framework in Frameworks */ = {isa = PBXBuildFile; fileRef = 581C393D2011E1940035D5D4 /* Alamofire.framework */; };
		581C394B2011E3660035D5D4 /* Alamofire.framework in Embed Frameworks */ = {isa = PBXBuildFile; fileRef = 581C393D2011E1940035D5D4 /* Alamofire.framework */; settings = {ATTRIBUTES = (CodeSignOnCopy, RemoveHeadersOnCopy, ); }; };
		58C6190B1DAF62CB00F0749E /* AppDelegate.swift in Sources */ = {isa = PBXBuildFile; fileRef = 58C6190A1DAF62CB00F0749E /* AppDelegate.swift */; };
		58C619101DAF62CC00F0749E /* Main.storyboard in Resources */ = {isa = PBXBuildFile; fileRef = 58C6190E1DAF62CC00F0749E /* Main.storyboard */; };
		58C619121DAF62CC00F0749E /* Assets.xcassets in Resources */ = {isa = PBXBuildFile; fileRef = 58C619111DAF62CC00F0749E /* Assets.xcassets */; };
		58C619151DAF62CC00F0749E /* LaunchScreen.storyboard in Resources */ = {isa = PBXBuildFile; fileRef = 58C619131DAF62CC00F0749E /* LaunchScreen.storyboard */; };
		58C619201DAF62CC00F0749E /* DSTV_ChatTests.swift in Sources */ = {isa = PBXBuildFile; fileRef = 58C6191F1DAF62CC00F0749E /* DSTV_ChatTests.swift */; };
		58C6192C1DAF9BAA00F0749E /* LoginViewController.swift in Sources */ = {isa = PBXBuildFile; fileRef = 58C6192B1DAF9BAA00F0749E /* LoginViewController.swift */; };
		58C619301DAF9BE700F0749E /* FriendDetailViewController.swift in Sources */ = {isa = PBXBuildFile; fileRef = 58C6192F1DAF9BE700F0749E /* FriendDetailViewController.swift */; };
		58C619331DAF9F9700F0749E /* LoginSeque.swift in Sources */ = {isa = PBXBuildFile; fileRef = 58C619321DAF9F9700F0749E /* LoginSeque.swift */; };
		58C619351DAFB02400F0749E /* FriendDetailSeque.swift in Sources */ = {isa = PBXBuildFile; fileRef = 58C619341DAFB02400F0749E /* FriendDetailSeque.swift */; };
		58C619381DAFBDFC00F0749E /* Networking.swift in Sources */ = {isa = PBXBuildFile; fileRef = 58C619371DAFBDFC00F0749E /* Networking.swift */; };
		58C619891DAFD6F300F0749E /* UserLoginResult.swift in Sources */ = {isa = PBXBuildFile; fileRef = 58C619881DAFD6F300F0749E /* UserLoginResult.swift */; };
		58C6198B1DB010D800F0749E /* FriendsTableViewController.swift in Sources */ = {isa = PBXBuildFile; fileRef = 58C6198A1DB010D800F0749E /* FriendsTableViewController.swift */; };
		58C6198D1DB0127900F0749E /* FriendResult.swift in Sources */ = {isa = PBXBuildFile; fileRef = 58C6198C1DB0127900F0749E /* FriendResult.swift */; };
		58C6198F1DB0B5B900F0749E /* FriendTableViewCell.swift in Sources */ = {isa = PBXBuildFile; fileRef = 58C6198E1DB0B5B900F0749E /* FriendTableViewCell.swift */; };
		58C619911DB0CE3400F0749E /* MainNavViewController.swift in Sources */ = {isa = PBXBuildFile; fileRef = 58C619901DB0CE3400F0749E /* MainNavViewController.swift */; };
/* End PBXBuildFile section */

/* Begin PBXContainerItemProxy section */
		581C393C2011E1940035D5D4 /* PBXContainerItemProxy */ = {
			isa = PBXContainerItemProxy;
			containerPortal = 581C39312011E1940035D5D4 /* Alamofire.xcodeproj */;
			proxyType = 2;
			remoteGlobalIDString = F8111E3319A95C8B0040E7D1;
			remoteInfo = "Alamofire iOS";
		};
		581C393E2011E1940035D5D4 /* PBXContainerItemProxy */ = {
			isa = PBXContainerItemProxy;
			containerPortal = 581C39312011E1940035D5D4 /* Alamofire.xcodeproj */;
			proxyType = 2;
			remoteGlobalIDString = F8111E3E19A95C8B0040E7D1;
			remoteInfo = "Alamofire iOS Tests";
		};
		581C39402011E1940035D5D4 /* PBXContainerItemProxy */ = {
			isa = PBXContainerItemProxy;
			containerPortal = 581C39312011E1940035D5D4 /* Alamofire.xcodeproj */;
			proxyType = 2;
			remoteGlobalIDString = 4DD67C0B1A5C55C900ED2280;
			remoteInfo = "Alamofire macOS";
		};
		581C39422011E1940035D5D4 /* PBXContainerItemProxy */ = {
			isa = PBXContainerItemProxy;
			containerPortal = 581C39312011E1940035D5D4 /* Alamofire.xcodeproj */;
			proxyType = 2;
			remoteGlobalIDString = F829C6B21A7A94F100A2CD59;
			remoteInfo = "Alamofire macOS Tests";
		};
		581C39442011E1940035D5D4 /* PBXContainerItemProxy */ = {
			isa = PBXContainerItemProxy;
			containerPortal = 581C39312011E1940035D5D4 /* Alamofire.xcodeproj */;
			proxyType = 2;
			remoteGlobalIDString = 4CF626EF1BA7CB3E0011A099;
			remoteInfo = "Alamofire tvOS";
		};
		581C39462011E1940035D5D4 /* PBXContainerItemProxy */ = {
			isa = PBXContainerItemProxy;
			containerPortal = 581C39312011E1940035D5D4 /* Alamofire.xcodeproj */;
			proxyType = 2;
			remoteGlobalIDString = 4CF626F81BA7CB3E0011A099;
			remoteInfo = "Alamofire tvOS Tests";
		};
		581C39482011E1940035D5D4 /* PBXContainerItemProxy */ = {
			isa = PBXContainerItemProxy;
			containerPortal = 581C39312011E1940035D5D4 /* Alamofire.xcodeproj */;
			proxyType = 2;
			remoteGlobalIDString = E4202FE01B667AA100C997FB;
			remoteInfo = "Alamofire watchOS";
		};
		581C394C2011E3660035D5D4 /* PBXContainerItemProxy */ = {
			isa = PBXContainerItemProxy;
			containerPortal = 581C39312011E1940035D5D4 /* Alamofire.xcodeproj */;
			proxyType = 1;
			remoteGlobalIDString = F8111E3219A95C8B0040E7D1;
			remoteInfo = "Alamofire iOS";
		};
		58C6191C1DAF62CC00F0749E /* PBXContainerItemProxy */ = {
			isa = PBXContainerItemProxy;
			containerPortal = 58C618FF1DAF62CB00F0749E /* Project object */;
			proxyType = 1;
			remoteGlobalIDString = 58C619061DAF62CB00F0749E;
			remoteInfo = "DSTV Chat";
		};
/* End PBXContainerItemProxy section */

/* Begin PBXCopyFilesBuildPhase section */
		581C394E2011E3660035D5D4 /* Embed Frameworks */ = {
			isa = PBXCopyFilesBuildPhase;
			buildActionMask = 2147483647;
			dstPath = "";
			dstSubfolderSpec = 10;
			files = (
				581C394B2011E3660035D5D4 /* Alamofire.framework in Embed Frameworks */,
			);
			name = "Embed Frameworks";
			runOnlyForDeploymentPostprocessing = 0;
		};
/* End PBXCopyFilesBuildPhase section */

/* Begin PBXFileReference section */
		5812427F201507EA00C6707E /* MasterRepository.swift */ = {isa = PBXFileReference; lastKnownFileType = sourcecode.swift; path = MasterRepository.swift; sourceTree = "<group>"; };
		58124281201508F800C6707E /* MasterReposetoryProtocol.swift */ = {isa = PBXFileReference; lastKnownFileType = sourcecode.swift; path = MasterReposetoryProtocol.swift; sourceTree = "<group>"; };
		581242832015091300C6707E /* BaseReposetory.swift */ = {isa = PBXFileReference; lastKnownFileType = sourcecode.swift; path = BaseReposetory.swift; sourceTree = "<group>"; };
		5812428520150F3C00C6707E /* LoginRepository.swift */ = {isa = PBXFileReference; lastKnownFileType = sourcecode.swift; path = LoginRepository.swift; sourceTree = "<group>"; };
		5812428720150F5600C6707E /* LoginRepositoryProtocol.swift */ = {isa = PBXFileReference; lastKnownFileType = sourcecode.swift; path = LoginRepositoryProtocol.swift; sourceTree = "<group>"; };
		5812428A2015170B00C6707E /* LoginServiceProtocol.swift */ = {isa = PBXFileReference; lastKnownFileType = sourcecode.swift; path = LoginServiceProtocol.swift; sourceTree = "<group>"; };
		5812428E2015D75600C6707E /* LoginService.swift */ = {isa = PBXFileReference; lastKnownFileType = sourcecode.swift; path = LoginService.swift; sourceTree = "<group>"; };
		581C39312011E1940035D5D4 /* Alamofire.xcodeproj */ = {isa = PBXFileReference; lastKnownFileType = "wrapper.pb-project"; name = Alamofire.xcodeproj; path = ".build/checkouts/Alamofire.git-6801331143877184500/Alamofire.xcodeproj"; sourceTree = "<group>"; };
		58C619071DAF62CB00F0749E /* DSTV Chat.app */ = {isa = PBXFileReference; explicitFileType = wrapper.application; includeInIndex = 0; path = "DSTV Chat.app"; sourceTree = BUILT_PRODUCTS_DIR; };
		58C6190A1DAF62CB00F0749E /* AppDelegate.swift */ = {isa = PBXFileReference; lastKnownFileType = sourcecode.swift; path = AppDelegate.swift; sourceTree = "<group>"; };
		58C6190F1DAF62CC00F0749E /* Base */ = {isa = PBXFileReference; lastKnownFileType = file.storyboard; name = Base; path = Base.lproj/Main.storyboard; sourceTree = "<group>"; };
		58C619111DAF62CC00F0749E /* Assets.xcassets */ = {isa = PBXFileReference; lastKnownFileType = folder.assetcatalog; path = Assets.xcassets; sourceTree = "<group>"; };
		58C619141DAF62CC00F0749E /* Base */ = {isa = PBXFileReference; lastKnownFileType = file.storyboard; name = Base; path = Base.lproj/LaunchScreen.storyboard; sourceTree = "<group>"; };
		58C619161DAF62CC00F0749E /* Info.plist */ = {isa = PBXFileReference; lastKnownFileType = text.plist.xml; path = Info.plist; sourceTree = "<group>"; };
		58C6191B1DAF62CC00F0749E /* DSTV ChatTests.xctest */ = {isa = PBXFileReference; explicitFileType = wrapper.cfbundle; includeInIndex = 0; path = "DSTV ChatTests.xctest"; sourceTree = BUILT_PRODUCTS_DIR; };
		58C6191F1DAF62CC00F0749E /* DSTV_ChatTests.swift */ = {isa = PBXFileReference; lastKnownFileType = sourcecode.swift; path = DSTV_ChatTests.swift; sourceTree = "<group>"; };
		58C619211DAF62CC00F0749E /* Info.plist */ = {isa = PBXFileReference; lastKnownFileType = text.plist.xml; path = Info.plist; sourceTree = "<group>"; };
		58C6192B1DAF9BAA00F0749E /* LoginViewController.swift */ = {isa = PBXFileReference; fileEncoding = 4; lastKnownFileType = sourcecode.swift; path = LoginViewController.swift; sourceTree = "<group>"; };
		58C6192F1DAF9BE700F0749E /* FriendDetailViewController.swift */ = {isa = PBXFileReference; fileEncoding = 4; lastKnownFileType = sourcecode.swift; path = FriendDetailViewController.swift; sourceTree = "<group>"; };
		58C619321DAF9F9700F0749E /* LoginSeque.swift */ = {isa = PBXFileReference; fileEncoding = 4; lastKnownFileType = sourcecode.swift; name = LoginSeque.swift; path = "DSTV Chat/ViewControllers/CustomSegues/LoginSeque.swift"; sourceTree = SOURCE_ROOT; };
		58C619341DAFB02400F0749E /* FriendDetailSeque.swift */ = {isa = PBXFileReference; fileEncoding = 4; lastKnownFileType = sourcecode.swift; name = FriendDetailSeque.swift; path = "DSTV Chat/ViewControllers/CustomSegues/FriendDetailSeque.swift"; sourceTree = SOURCE_ROOT; };
		58C619371DAFBDFC00F0749E /* Networking.swift */ = {isa = PBXFileReference; fileEncoding = 4; lastKnownFileType = sourcecode.swift; path = Networking.swift; sourceTree = "<group>"; };
		58C619881DAFD6F300F0749E /* UserLoginResult.swift */ = {isa = PBXFileReference; fileEncoding = 4; lastKnownFileType = sourcecode.swift; path = UserLoginResult.swift; sourceTree = "<group>"; };
		58C6198A1DB010D800F0749E /* FriendsTableViewController.swift */ = {isa = PBXFileReference; fileEncoding = 4; lastKnownFileType = sourcecode.swift; path = FriendsTableViewController.swift; sourceTree = "<group>"; };
		58C6198C1DB0127900F0749E /* FriendResult.swift */ = {isa = PBXFileReference; fileEncoding = 4; lastKnownFileType = sourcecode.swift; path = FriendResult.swift; sourceTree = "<group>"; };
		58C6198E1DB0B5B900F0749E /* FriendTableViewCell.swift */ = {isa = PBXFileReference; fileEncoding = 4; lastKnownFileType = sourcecode.swift; path = FriendTableViewCell.swift; sourceTree = "<group>"; };
		58C619901DB0CE3400F0749E /* MainNavViewController.swift */ = {isa = PBXFileReference; fileEncoding = 4; lastKnownFileType = sourcecode.swift; path = MainNavViewController.swift; sourceTree = "<group>"; };
/* End PBXFileReference section */

/* Begin PBXFrameworksBuildPhase section */
		58C619041DAF62CB00F0749E /* Frameworks */ = {
			isa = PBXFrameworksBuildPhase;
			buildActionMask = 2147483647;
			files = (
				581C394A2011E3660035D5D4 /* Alamofire.framework in Frameworks */,
			);
			runOnlyForDeploymentPostprocessing = 0;
		};
		58C619181DAF62CC00F0749E /* Frameworks */ = {
			isa = PBXFrameworksBuildPhase;
			buildActionMask = 2147483647;
			files = (
			);
			runOnlyForDeploymentPostprocessing = 0;
		};
/* End PBXFrameworksBuildPhase section */

/* Begin PBXGroup section */
		58124277201507A000C6707E /* Reposetory */ = {
			isa = PBXGroup;
			children = (
				5812427F201507EA00C6707E /* MasterRepository.swift */,
				58124281201508F800C6707E /* MasterReposetoryProtocol.swift */,
				581242832015091300C6707E /* BaseReposetory.swift */,
				5812428520150F3C00C6707E /* LoginRepository.swift */,
				5812428720150F5600C6707E /* LoginRepositoryProtocol.swift */,
			);
			path = Reposetory;
			sourceTree = "<group>";
		};
		581242892015166900C6707E /* Service */ = {
			isa = PBXGroup;
			children = (
				5812428A2015170B00C6707E /* LoginServiceProtocol.swift */,
				5812428E2015D75600C6707E /* LoginService.swift */,
			);
			path = Service;
			sourceTree = "<group>";
		};
		581C39322011E1940035D5D4 /* Products */ = {
			isa = PBXGroup;
			children = (
				581C393D2011E1940035D5D4 /* Alamofire.framework */,
				581C393F2011E1940035D5D4 /* Alamofire iOS Tests.xctest */,
				581C39412011E1940035D5D4 /* Alamofire.framework */,
				581C39432011E1940035D5D4 /* Alamofire macOS Tests.xctest */,
				581C39452011E1940035D5D4 /* Alamofire.framework */,
				581C39472011E1940035D5D4 /* Alamofire tvOS Tests.xctest */,
				581C39492011E1940035D5D4 /* Alamofire.framework */,
			);
			name = Products;
			sourceTree = "<group>";
		};
		58C618FE1DAF62CB00F0749E = {
			isa = PBXGroup;
			children = (
				581C39312011E1940035D5D4 /* Alamofire.xcodeproj */,
				58C619091DAF62CB00F0749E /* DSTV Chat */,
				58C6191E1DAF62CC00F0749E /* DSTV ChatTests */,
				58C619081DAF62CB00F0749E /* Products */,
			);
			sourceTree = "<group>";
		};
		58C619081DAF62CB00F0749E /* Products */ = {
			isa = PBXGroup;
			children = (
				58C619071DAF62CB00F0749E /* DSTV Chat.app */,
				58C6191B1DAF62CC00F0749E /* DSTV ChatTests.xctest */,
			);
			name = Products;
			sourceTree = "<group>";
		};
		58C619091DAF62CB00F0749E /* DSTV Chat */ = {
			isa = PBXGroup;
			children = (
				581242892015166900C6707E /* Service */,
				58124277201507A000C6707E /* Reposetory */,
				58C619871DAFD6D000F0749E /* Data */,
				58C619361DAFBCB300F0749E /* Networking */,
				58C6192A1DAF9B2E00F0749E /* ViewControllers */,
				58C6190A1DAF62CB00F0749E /* AppDelegate.swift */,
				58C6190E1DAF62CC00F0749E /* Main.storyboard */,
				58C619111DAF62CC00F0749E /* Assets.xcassets */,
				58C619131DAF62CC00F0749E /* LaunchScreen.storyboard */,
				58C619161DAF62CC00F0749E /* Info.plist */,
			);
			path = "DSTV Chat";
			sourceTree = "<group>";
		};
		58C6191E1DAF62CC00F0749E /* DSTV ChatTests */ = {
			isa = PBXGroup;
			children = (
				58C6191F1DAF62CC00F0749E /* DSTV_ChatTests.swift */,
				58C619211DAF62CC00F0749E /* Info.plist */,
			);
			path = "DSTV ChatTests";
			sourceTree = "<group>";
		};
		58C6192A1DAF9B2E00F0749E /* ViewControllers */ = {
			isa = PBXGroup;
			children = (
				58C619311DAF9F2900F0749E /* CustomSeques */,
				58C6192B1DAF9BAA00F0749E /* LoginViewController.swift */,
				58C6192F1DAF9BE700F0749E /* FriendDetailViewController.swift */,
				58C6198A1DB010D800F0749E /* FriendsTableViewController.swift */,
				58C6198E1DB0B5B900F0749E /* FriendTableViewCell.swift */,
				58C619901DB0CE3400F0749E /* MainNavViewController.swift */,
			);
			path = ViewControllers;
			sourceTree = "<group>";
		};
		58C619311DAF9F2900F0749E /* CustomSeques */ = {
			isa = PBXGroup;
			children = (
				58C619321DAF9F9700F0749E /* LoginSeque.swift */,
				58C619341DAFB02400F0749E /* FriendDetailSeque.swift */,
			);
			name = CustomSeques;
			path = CustonSegues;
			sourceTree = "<group>";
		};
		58C619361DAFBCB300F0749E /* Networking */ = {
			isa = PBXGroup;
			children = (
				58C619371DAFBDFC00F0749E /* Networking.swift */,
			);
			path = Networking;
			sourceTree = "<group>";
		};
		58C619871DAFD6D000F0749E /* Data */ = {
			isa = PBXGroup;
			children = (
				58C619881DAFD6F300F0749E /* UserLoginResult.swift */,
				58C6198C1DB0127900F0749E /* FriendResult.swift */,
			);
			path = Data;
			sourceTree = "<group>";
		};
/* End PBXGroup section */

/* Begin PBXNativeTarget section */
		58C619061DAF62CB00F0749E /* DSTV Chat */ = {
			isa = PBXNativeTarget;
			buildConfigurationList = 58C619241DAF62CC00F0749E /* Build configuration list for PBXNativeTarget "DSTV Chat" */;
			buildPhases = (
				58C619031DAF62CB00F0749E /* Sources */,
				58C619041DAF62CB00F0749E /* Frameworks */,
				58C619051DAF62CB00F0749E /* Resources */,
				581C394E2011E3660035D5D4 /* Embed Frameworks */,
			);
			buildRules = (
			);
			dependencies = (
				581C394D2011E3660035D5D4 /* PBXTargetDependency */,
			);
			name = "DSTV Chat";
			productName = "DSTV Chat";
			productReference = 58C619071DAF62CB00F0749E /* DSTV Chat.app */;
			productType = "com.apple.product-type.application";
		};
		58C6191A1DAF62CC00F0749E /* DSTV ChatTests */ = {
			isa = PBXNativeTarget;
			buildConfigurationList = 58C619271DAF62CC00F0749E /* Build configuration list for PBXNativeTarget "DSTV ChatTests" */;
			buildPhases = (
				58C619171DAF62CC00F0749E /* Sources */,
				58C619181DAF62CC00F0749E /* Frameworks */,
				58C619191DAF62CC00F0749E /* Resources */,
			);
			buildRules = (
			);
			dependencies = (
				58C6191D1DAF62CC00F0749E /* PBXTargetDependency */,
			);
			name = "DSTV ChatTests";
			productName = "DSTV ChatTests";
			productReference = 58C6191B1DAF62CC00F0749E /* DSTV ChatTests.xctest */;
			productType = "com.apple.product-type.bundle.unit-test";
		};
/* End PBXNativeTarget section */

/* Begin PBXProject section */
		58C618FF1DAF62CB00F0749E /* Project object */ = {
			isa = PBXProject;
			attributes = {
				LastSwiftUpdateCheck = 0800;
				LastUpgradeCheck = 0920;
				ORGANIZATIONNAME = BonsaiSoft;
				TargetAttributes = {
					58C619061DAF62CB00F0749E = {
						CreatedOnToolsVersion = 8.0;
						DevelopmentTeam = QDN3556952;
						LastSwiftMigration = 0920;
						ProvisioningStyle = Automatic;
					};
					58C6191A1DAF62CC00F0749E = {
						CreatedOnToolsVersion = 8.0;
						LastSwiftMigration = 0920;
						ProvisioningStyle = Automatic;
						TestTargetID = 58C619061DAF62CB00F0749E;
					};
				};
			};
			buildConfigurationList = 58C619021DAF62CB00F0749E /* Build configuration list for PBXProject "DSTV Chat" */;
			compatibilityVersion = "Xcode 3.2";
			developmentRegion = English;
			hasScannedForEncodings = 0;
			knownRegions = (
				en,
				Base,
			);
			mainGroup = 58C618FE1DAF62CB00F0749E;
			productRefGroup = 58C619081DAF62CB00F0749E /* Products */;
			projectDirPath = "";
			projectReferences = (
				{
					ProductGroup = 581C39322011E1940035D5D4 /* Products */;
					ProjectRef = 581C39312011E1940035D5D4 /* Alamofire.xcodeproj */;
				},
			);
			projectRoot = "";
			targets = (
				58C619061DAF62CB00F0749E /* DSTV Chat */,
				58C6191A1DAF62CC00F0749E /* DSTV ChatTests */,
			);
		};
/* End PBXProject section */

/* Begin PBXReferenceProxy section */
		581C393D2011E1940035D5D4 /* Alamofire.framework */ = {
			isa = PBXReferenceProxy;
			fileType = wrapper.framework;
			path = Alamofire.framework;
			remoteRef = 581C393C2011E1940035D5D4 /* PBXContainerItemProxy */;
			sourceTree = BUILT_PRODUCTS_DIR;
		};
		581C393F2011E1940035D5D4 /* Alamofire iOS Tests.xctest */ = {
			isa = PBXReferenceProxy;
			fileType = wrapper.cfbundle;
			path = "Alamofire iOS Tests.xctest";
			remoteRef = 581C393E2011E1940035D5D4 /* PBXContainerItemProxy */;
			sourceTree = BUILT_PRODUCTS_DIR;
		};
		581C39412011E1940035D5D4 /* Alamofire.framework */ = {
			isa = PBXReferenceProxy;
			fileType = wrapper.framework;
			path = Alamofire.framework;
			remoteRef = 581C39402011E1940035D5D4 /* PBXContainerItemProxy */;
			sourceTree = BUILT_PRODUCTS_DIR;
		};
		581C39432011E1940035D5D4 /* Alamofire macOS Tests.xctest */ = {
			isa = PBXReferenceProxy;
			fileType = wrapper.cfbundle;
			path = "Alamofire macOS Tests.xctest";
			remoteRef = 581C39422011E1940035D5D4 /* PBXContainerItemProxy */;
			sourceTree = BUILT_PRODUCTS_DIR;
		};
		581C39452011E1940035D5D4 /* Alamofire.framework */ = {
			isa = PBXReferenceProxy;
			fileType = wrapper.framework;
			path = Alamofire.framework;
			remoteRef = 581C39442011E1940035D5D4 /* PBXContainerItemProxy */;
			sourceTree = BUILT_PRODUCTS_DIR;
		};
		581C39472011E1940035D5D4 /* Alamofire tvOS Tests.xctest */ = {
			isa = PBXReferenceProxy;
			fileType = wrapper.cfbundle;
			path = "Alamofire tvOS Tests.xctest";
			remoteRef = 581C39462011E1940035D5D4 /* PBXContainerItemProxy */;
			sourceTree = BUILT_PRODUCTS_DIR;
		};
		581C39492011E1940035D5D4 /* Alamofire.framework */ = {
			isa = PBXReferenceProxy;
			fileType = wrapper.framework;
			path = Alamofire.framework;
			remoteRef = 581C39482011E1940035D5D4 /* PBXContainerItemProxy */;
			sourceTree = BUILT_PRODUCTS_DIR;
		};
/* End PBXReferenceProxy section */

/* Begin PBXResourcesBuildPhase section */
		58C619051DAF62CB00F0749E /* Resources */ = {
			isa = PBXResourcesBuildPhase;
			buildActionMask = 2147483647;
			files = (
				58C619151DAF62CC00F0749E /* LaunchScreen.storyboard in Resources */,
				58C619121DAF62CC00F0749E /* Assets.xcassets in Resources */,
				58C619101DAF62CC00F0749E /* Main.storyboard in Resources */,
			);
			runOnlyForDeploymentPostprocessing = 0;
		};
		58C619191DAF62CC00F0749E /* Resources */ = {
			isa = PBXResourcesBuildPhase;
			buildActionMask = 2147483647;
			files = (
			);
			runOnlyForDeploymentPostprocessing = 0;
		};
/* End PBXResourcesBuildPhase section */

/* Begin PBXSourcesBuildPhase section */
		58C619031DAF62CB00F0749E /* Sources */ = {
			isa = PBXSourcesBuildPhase;
			buildActionMask = 2147483647;
			files = (
				58C6198B1DB010D800F0749E /* FriendsTableViewController.swift in Sources */,
				58C6198D1DB0127900F0749E /* FriendResult.swift in Sources */,
				58C619331DAF9F9700F0749E /* LoginSeque.swift in Sources */,
				5812428820150F5600C6707E /* LoginRepositoryProtocol.swift in Sources */,
				5812428B2015170B00C6707E /* LoginServiceProtocol.swift in Sources */,
				58124282201508F800C6707E /* MasterReposetoryProtocol.swift in Sources */,
				58C6192C1DAF9BAA00F0749E /* LoginViewController.swift in Sources */,
				5812428620150F3C00C6707E /* LoginRepository.swift in Sources */,
				58C6190B1DAF62CB00F0749E /* AppDelegate.swift in Sources */,
				58124280201507EA00C6707E /* MasterRepository.swift in Sources */,
				58C619911DB0CE3400F0749E /* MainNavViewController.swift in Sources */,
				58C619301DAF9BE700F0749E /* FriendDetailViewController.swift in Sources */,
				58C6198F1DB0B5B900F0749E /* FriendTableViewCell.swift in Sources */,
				5812428F2015D75600C6707E /* LoginService.swift in Sources */,
				581242842015091300C6707E /* BaseReposetory.swift in Sources */,
				58C619351DAFB02400F0749E /* FriendDetailSeque.swift in Sources */,
				58C619381DAFBDFC00F0749E /* Networking.swift in Sources */,
				58C619891DAFD6F300F0749E /* UserLoginResult.swift in Sources */,
			);
			runOnlyForDeploymentPostprocessing = 0;
		};
		58C619171DAF62CC00F0749E /* Sources */ = {
			isa = PBXSourcesBuildPhase;
			buildActionMask = 2147483647;
			files = (
				58C619201DAF62CC00F0749E /* DSTV_ChatTests.swift in Sources */,
			);
			runOnlyForDeploymentPostprocessing = 0;
		};
/* End PBXSourcesBuildPhase section */

/* Begin PBXTargetDependency section */
		581C394D2011E3660035D5D4 /* PBXTargetDependency */ = {
			isa = PBXTargetDependency;
			name = "Alamofire iOS";
			targetProxy = 581C394C2011E3660035D5D4 /* PBXContainerItemProxy */;
		};
		58C6191D1DAF62CC00F0749E /* PBXTargetDependency */ = {
			isa = PBXTargetDependency;
			target = 58C619061DAF62CB00F0749E /* DSTV Chat */;
			targetProxy = 58C6191C1DAF62CC00F0749E /* PBXContainerItemProxy */;
		};
/* End PBXTargetDependency section */

/* Begin PBXVariantGroup section */
		58C6190E1DAF62CC00F0749E /* Main.storyboard */ = {
			isa = PBXVariantGroup;
			children = (
				58C6190F1DAF62CC00F0749E /* Base */,
			);
			name = Main.storyboard;
			sourceTree = "<group>";
		};
		58C619131DAF62CC00F0749E /* LaunchScreen.storyboard */ = {
			isa = PBXVariantGroup;
			children = (
				58C619141DAF62CC00F0749E /* Base */,
			);
			name = LaunchScreen.storyboard;
			sourceTree = "<group>";
		};
/* End PBXVariantGroup section */

/* Begin XCBuildConfiguration section */
		58C619221DAF62CC00F0749E /* Debug */ = {
			isa = XCBuildConfiguration;
			buildSettings = {
				ALWAYS_SEARCH_USER_PATHS = NO;
				CLANG_ANALYZER_NONNULL = YES;
				CLANG_CXX_LANGUAGE_STANDARD = "gnu++0x";
				CLANG_CXX_LIBRARY = "libc++";
				CLANG_ENABLE_MODULES = YES;
				CLANG_ENABLE_OBJC_ARC = YES;
				CLANG_WARN_BLOCK_CAPTURE_AUTORELEASING = YES;
				CLANG_WARN_BOOL_CONVERSION = YES;
				CLANG_WARN_COMMA = YES;
				CLANG_WARN_CONSTANT_CONVERSION = YES;
				CLANG_WARN_DIRECT_OBJC_ISA_USAGE = YES_ERROR;
				CLANG_WARN_DOCUMENTATION_COMMENTS = YES;
				CLANG_WARN_EMPTY_BODY = YES;
				CLANG_WARN_ENUM_CONVERSION = YES;
				CLANG_WARN_INFINITE_RECURSION = YES;
				CLANG_WARN_INT_CONVERSION = YES;
				CLANG_WARN_NON_LITERAL_NULL_CONVERSION = YES;
				CLANG_WARN_OBJC_LITERAL_CONVERSION = YES;
				CLANG_WARN_OBJC_ROOT_CLASS = YES_ERROR;
				CLANG_WARN_RANGE_LOOP_ANALYSIS = YES;
				CLANG_WARN_STRICT_PROTOTYPES = YES;
				CLANG_WARN_SUSPICIOUS_MOVE = YES;
				CLANG_WARN_SUSPICIOUS_MOVES = YES;
				CLANG_WARN_UNREACHABLE_CODE = YES;
				CLANG_WARN__DUPLICATE_METHOD_MATCH = YES;
				"CODE_SIGN_IDENTITY[sdk=iphoneos*]" = "iPhone Developer";
				COPY_PHASE_STRIP = NO;
				DEBUG_INFORMATION_FORMAT = dwarf;
				ENABLE_STRICT_OBJC_MSGSEND = YES;
				ENABLE_TESTABILITY = YES;
				GCC_C_LANGUAGE_STANDARD = gnu99;
				GCC_DYNAMIC_NO_PIC = NO;
				GCC_NO_COMMON_BLOCKS = YES;
				GCC_OPTIMIZATION_LEVEL = 0;
				GCC_PREPROCESSOR_DEFINITIONS = (
					"DEBUG=1",
					"$(inherited)",
				);
				GCC_WARN_64_TO_32_BIT_CONVERSION = YES;
				GCC_WARN_ABOUT_RETURN_TYPE = YES_ERROR;
				GCC_WARN_UNDECLARED_SELECTOR = YES;
				GCC_WARN_UNINITIALIZED_AUTOS = YES_AGGRESSIVE;
				GCC_WARN_UNUSED_FUNCTION = YES;
				GCC_WARN_UNUSED_VARIABLE = YES;
				IPHONEOS_DEPLOYMENT_TARGET = 10.0;
				MTL_ENABLE_DEBUG_INFO = YES;
				ONLY_ACTIVE_ARCH = YES;
				SDKROOT = iphoneos;
				SWIFT_ACTIVE_COMPILATION_CONDITIONS = DEBUG;
				SWIFT_OPTIMIZATION_LEVEL = "-Onone";
			};
			name = Debug;
		};
		58C619231DAF62CC00F0749E /* Release */ = {
			isa = XCBuildConfiguration;
			buildSettings = {
				ALWAYS_SEARCH_USER_PATHS = NO;
				CLANG_ANALYZER_NONNULL = YES;
				CLANG_CXX_LANGUAGE_STANDARD = "gnu++0x";
				CLANG_CXX_LIBRARY = "libc++";
				CLANG_ENABLE_MODULES = YES;
				CLANG_ENABLE_OBJC_ARC = YES;
				CLANG_WARN_BLOCK_CAPTURE_AUTORELEASING = YES;
				CLANG_WARN_BOOL_CONVERSION = YES;
				CLANG_WARN_COMMA = YES;
				CLANG_WARN_CONSTANT_CONVERSION = YES;
				CLANG_WARN_DIRECT_OBJC_ISA_USAGE = YES_ERROR;
				CLANG_WARN_DOCUMENTATION_COMMENTS = YES;
				CLANG_WARN_EMPTY_BODY = YES;
				CLANG_WARN_ENUM_CONVERSION = YES;
				CLANG_WARN_INFINITE_RECURSION = YES;
				CLANG_WARN_INT_CONVERSION = YES;
				CLANG_WARN_NON_LITERAL_NULL_CONVERSION = YES;
				CLANG_WARN_OBJC_LITERAL_CONVERSION = YES;
				CLANG_WARN_OBJC_ROOT_CLASS = YES_ERROR;
				CLANG_WARN_RANGE_LOOP_ANALYSIS = YES;
				CLANG_WARN_STRICT_PROTOTYPES = YES;
				CLANG_WARN_SUSPICIOUS_MOVE = YES;
				CLANG_WARN_SUSPICIOUS_MOVES = YES;
				CLANG_WARN_UNREACHABLE_CODE = YES;
				CLANG_WARN__DUPLICATE_METHOD_MATCH = YES;
				"CODE_SIGN_IDENTITY[sdk=iphoneos*]" = "iPhone Developer";
				COPY_PHASE_STRIP = NO;
				DEBUG_INFORMATION_FORMAT = "dwarf-with-dsym";
				ENABLE_NS_ASSERTIONS = NO;
				ENABLE_STRICT_OBJC_MSGSEND = YES;
				GCC_C_LANGUAGE_STANDARD = gnu99;
				GCC_NO_COMMON_BLOCKS = YES;
				GCC_WARN_64_TO_32_BIT_CONVERSION = YES;
				GCC_WARN_ABOUT_RETURN_TYPE = YES_ERROR;
				GCC_WARN_UNDECLARED_SELECTOR = YES;
				GCC_WARN_UNINITIALIZED_AUTOS = YES_AGGRESSIVE;
				GCC_WARN_UNUSED_FUNCTION = YES;
				GCC_WARN_UNUSED_VARIABLE = YES;
				IPHONEOS_DEPLOYMENT_TARGET = 10.0;
				MTL_ENABLE_DEBUG_INFO = NO;
				SDKROOT = iphoneos;
				SWIFT_OPTIMIZATION_LEVEL = "-Owholemodule";
				VALIDATE_PRODUCT = YES;
			};
			name = Release;
		};
		58C619251DAF62CC00F0749E /* Debug */ = {
			isa = XCBuildConfiguration;
			buildSettings = {
				ALWAYS_EMBED_SWIFT_STANDARD_LIBRARIES = YES;
				ASSETCATALOG_COMPILER_APPICON_NAME = AppIcon;
				DEVELOPMENT_TEAM = QDN3556952;
				INFOPLIST_FILE = "DSTV Chat/Info.plist";
				LD_RUNPATH_SEARCH_PATHS = "$(inherited) @executable_path/Frameworks";
				PRODUCT_BUNDLE_IDENTIFIER = "bonsaiSoft.DSTV-Chat";
				PRODUCT_NAME = "$(TARGET_NAME)";
				SWIFT_SWIFT3_OBJC_INFERENCE = Default;
				SWIFT_VERSION = 4.0;
			};
			name = Debug;
		};
		58C619261DAF62CC00F0749E /* Release */ = {
			isa = XCBuildConfiguration;
			buildSettings = {
				ALWAYS_EMBED_SWIFT_STANDARD_LIBRARIES = YES;
				ASSETCATALOG_COMPILER_APPICON_NAME = AppIcon;
				DEVELOPMENT_TEAM = QDN3556952;
				INFOPLIST_FILE = "DSTV Chat/Info.plist";
				LD_RUNPATH_SEARCH_PATHS = "$(inherited) @executable_path/Frameworks";
				PRODUCT_BUNDLE_IDENTIFIER = "bonsaiSoft.DSTV-Chat";
				PRODUCT_NAME = "$(TARGET_NAME)";
				SWIFT_SWIFT3_OBJC_INFERENCE = Default;
				SWIFT_VERSION = 4.0;
			};
			name = Release;
		};
		58C619281DAF62CC00F0749E /* Debug */ = {
			isa = XCBuildConfiguration;
			buildSettings = {
				ALWAYS_EMBED_SWIFT_STANDARD_LIBRARIES = YES;
				BUNDLE_LOADER = "$(TEST_HOST)";
				INFOPLIST_FILE = "DSTV ChatTests/Info.plist";
				LD_RUNPATH_SEARCH_PATHS = "$(inherited) @executable_path/Frameworks @loader_path/Frameworks";
				PRODUCT_BUNDLE_IDENTIFIER = "bonsaiSoft.DSTV-ChatTests";
				PRODUCT_NAME = "$(TARGET_NAME)";
				SWIFT_SWIFT3_OBJC_INFERENCE = Default;
				SWIFT_VERSION = 4.0;
				TEST_HOST = "$(BUILT_PRODUCTS_DIR)/DSTV Chat.app/DSTV Chat";
			};
			name = Debug;
		};
		58C619291DAF62CC00F0749E /* Release */ = {
			isa = XCBuildConfiguration;
			buildSettings = {
				ALWAYS_EMBED_SWIFT_STANDARD_LIBRARIES = YES;
				BUNDLE_LOADER = "$(TEST_HOST)";
				INFOPLIST_FILE = "DSTV ChatTests/Info.plist";
				LD_RUNPATH_SEARCH_PATHS = "$(inherited) @executable_path/Frameworks @loader_path/Frameworks";
				PRODUCT_BUNDLE_IDENTIFIER = "bonsaiSoft.DSTV-ChatTests";
				PRODUCT_NAME = "$(TARGET_NAME)";
				SWIFT_SWIFT3_OBJC_INFERENCE = Default;
				SWIFT_VERSION = 4.0;
				TEST_HOST = "$(BUILT_PRODUCTS_DIR)/DSTV Chat.app/DSTV Chat";
			};
			name = Release;
		};
/* End XCBuildConfiguration section */

/* Begin XCConfigurationList section */
		58C619021DAF62CB00F0749E /* Build configuration list for PBXProject "DSTV Chat" */ = {
			isa = XCConfigurationList;
			buildConfigurations = (
				58C619221DAF62CC00F0749E /* Debug */,
				58C619231DAF62CC00F0749E /* Release */,
			);
			defaultConfigurationIsVisible = 0;
			defaultConfigurationName = Release;
		};
		58C619241DAF62CC00F0749E /* Build configuration list for PBXNativeTarget "DSTV Chat" */ = {
			isa = XCConfigurationList;
			buildConfigurations = (
				58C619251DAF62CC00F0749E /* Debug */,
				58C619261DAF62CC00F0749E /* Release */,
			);
			defaultConfigurationIsVisible = 0;
			defaultConfigurationName = Release;
		};
		58C619271DAF62CC00F0749E /* Build configuration list for PBXNativeTarget "DSTV ChatTests" */ = {
			isa = XCConfigurationList;
			buildConfigurations = (
				58C619281DAF62CC00F0749E /* Debug */,
				58C619291DAF62CC00F0749E /* Release */,
			);
			defaultConfigurationIsVisible = 0;
			defaultConfigurationName = Release;
		};
/* End XCConfigurationList section */
	};
	rootObject = 58C618FF1DAF62CB00F0749E /* Project object */;
}
